
Microsoft Visual Studio Solution File, Format Version 12.00
# Visual Studio Version 17
VisualStudioVersion = 17.2.32616.157
MinimumVisualStudioVersion = 10.0.40219.1
Project("{F184B08F-C81C-45F6-A57F-5ABD9991F28F}") = "Famous People", "Famous People\Famous People.vbproj", "{0345D711-7967-4C8D-B107-0515EEF9A514}"
EndProject
Global
	GlobalSection(SolutionConfigurationPlatforms) = preSolution
		Debug|Any CPU = Debug|Any CPU
		Release|Any CPU = Release|Any CPU
	EndGlobalSection
	GlobalSection(ProjectConfigurationPlatforms) = postSolution
		{0345D711-7967-4C8D-B107-0515EEF9A514}.Debug|Any CPU.ActiveCfg = Debug|Any CPU
		{0345D711-7967-4C8D-B107-0515EEF9A514}.Debug|Any CPU.Build.0 = Debug|Any CPU
		{0345D711-7967-4C8D-B107-0515EEF9A514}.Release|Any CPU.ActiveCfg = Release|Any CPU
		{0345D711-7967-4C8D-B107-0515EEF9A514}.Release|Any CPU.Build.0 = Release|Any CPU
	EndGlobalSection
	GlobalSection(SolutionProperties) = preSolution
		HideSolutionNode = FALSE
	EndGlobalSection
	GlobalSection(ExtensibilityGlobals) = postSolution
		SolutionGuid = {CA4C6E1F-7932-4BA9-B1B0-6094F2A4DE0E}
	EndGlobalSection
EndGlobal
